// !$*UTF8*$!
{
	archiveVersion = 1;
	classes = {
	};
	objectVersion = 50;
	objects = {

/* Begin PBXBuildFile section */
		2A80E5352647E16C004F9360 /* SimpleSDK.bundle in Resources */ = {isa = PBXBuildFile; fileRef = 2A80E5342647E16C004F9360 /* SimpleSDK.bundle */; };
		2AD15568262D2B9E00DD0E6B /* AppDelegate.m in Sources */ = {isa = PBXBuildFile; fileRef = 2AD15567262D2B9E00DD0E6B /* AppDelegate.m */; };
		2AD1556E262D2B9E00DD0E6B /* ViewController.m in Sources */ = {isa = PBXBuildFile; fileRef = 2AD1556D262D2B9E00DD0E6B /* ViewController.m */; };
		2AD15571262D2B9E00DD0E6B /* Main.storyboard in Resources */ = {isa = PBXBuildFile; fileRef = 2AD1556F262D2B9E00DD0E6B /* Main.storyboard */; };
		2AD15573262D2BA100DD0E6B /* Assets.xcassets in Resources */ = {isa = PBXBuildFile; fileRef = 2AD15572262D2BA100DD0E6B /* Assets.xcassets */; };
		2AD15576262D2BA100DD0E6B /* LaunchScreen.storyboard in Resources */ = {isa = PBXBuildFile; fileRef = 2AD15574262D2BA100DD0E6B /* LaunchScreen.storyboard */; };
		2AD15579262D2BA100DD0E6B /* main.m in Sources */ = {isa = PBXBuildFile; fileRef = 2AD15578262D2BA100DD0E6B /* main.m */; };
		8DCF20BC287671870008C0A0 /* SimpleSDK.framework in Frameworks */ = {isa = PBXBuildFile; fileRef = 178BCD23275EFEBA00EDC2BE /* SimpleSDK.framework */; };
		8DCF20BD287671870008C0A0 /* SimpleSDK.framework in Embed Frameworks */ = {isa = PBXBuildFile; fileRef = 178BCD23275EFEBA00EDC2BE /* SimpleSDK.framework */; settings = {ATTRIBUTES = (CodeSignOnCopy, RemoveHeadersOnCopy, ); }; };
/* End PBXBuildFile section */

/* Begin PBXCopyFilesBuildPhase section */
		8DCF20BE287671880008C0A0 /* Embed Frameworks */ = {
			isa = PBXCopyFilesBuildPhase;
			buildActionMask = 2147483647;
			dstPath = "";
			dstSubfolderSpec = 10;
			files = (
				8DCF20BD287671870008C0A0 /* SimpleSDK.framework in Embed Frameworks */,
			);
			name = "Embed Frameworks";
			runOnlyForDeploymentPostprocessing = 0;
		};
/* End PBXCopyFilesBuildPhase section */

/* Begin PBXFileReference section */
		178BCD23275EFEBA00EDC2BE /* SimpleSDK.framework */ = {isa = PBXFileReference; explicitFileType = wrapper.framework; path = SimpleSDK.framework; sourceTree = BUILT_PRODUCTS_DIR; };
		2A80E5342647E16C004F9360 /* SimpleSDK.bundle */ = {isa = PBXFileReference; lastKnownFileType = "wrapper.plug-in"; path = SimpleSDK.bundle; sourceTree = "<group>"; };
		2AD15563262D2B9E00DD0E6B /* Demo.app */ = {isa = PBXFileReference; explicitFileType = wrapper.application; includeInIndex = 0; path = Demo.app; sourceTree = BUILT_PRODUCTS_DIR; };
		2AD15566262D2B9E00DD0E6B /* AppDelegate.h */ = {isa = PBXFileReference; lastKnownFileType = sourcecode.c.h; path = AppDelegate.h; sourceTree = "<group>"; };
		2AD15567262D2B9E00DD0E6B /* AppDelegate.m */ = {isa = PBXFileReference; lastKnownFileType = sourcecode.c.objc; path = AppDelegate.m; sourceTree = "<group>"; };
		2AD1556C262D2B9E00DD0E6B /* ViewController.h */ = {isa = PBXFileReference; lastKnownFileType = sourcecode.c.h; path = ViewController.h; sourceTree = "<group>"; };
		2AD1556D262D2B9E00DD0E6B /* ViewController.m */ = {isa = PBXFileReference; lastKnownFileType = sourcecode.c.objc; path = ViewController.m; sourceTree = "<group>"; };
		2AD15570262D2B9E00DD0E6B /* Base */ = {isa = PBXFileReference; lastKnownFileType = file.storyboard; name = Base; path = Base.lproj/Main.storyboard; sourceTree = "<group>"; };
		2AD15572262D2BA100DD0E6B /* Assets.xcassets */ = {isa = PBXFileReference; lastKnownFileType = folder.assetcatalog; path = Assets.xcassets; sourceTree = "<group>"; };
		2AD15575262D2BA100DD0E6B /* Base */ = {isa = PBXFileReference; lastKnownFileType = file.storyboard; name = Base; path = Base.lproj/LaunchScreen.storyboard; sourceTree = "<group>"; };
		2AD15577262D2BA100DD0E6B /* Info.plist */ = {isa = PBXFileReference; lastKnownFileType = text.plist.xml; path = Info.plist; sourceTree = "<group>"; };
		2AD15578262D2BA100DD0E6B /* main.m */ = {isa = PBXFileReference; lastKnownFileType = sourcecode.c.objc; path = main.m; sourceTree = "<group>"; };
/* End PBXFileReference section */

/* Begin PBXFrameworksBuildPhase section */
		2AD15560262D2B9E00DD0E6B /* Frameworks */ = {
			isa = PBXFrameworksBuildPhase;
			buildActionMask = 2147483647;
			files = (
				8DCF20BC287671870008C0A0 /* SimpleSDK.framework in Frameworks */,
			);
			runOnlyForDeploymentPostprocessing = 0;
		};
/* End PBXFrameworksBuildPhase section */

/* Begin PBXGroup section */
		2AD1555A262D2B9E00DD0E6B = {
			isa = PBXGroup;
			children = (
				2AD15565262D2B9E00DD0E6B /* Demo */,
				2AD15564262D2B9E00DD0E6B /* Products */,
				2AD15586262D2DB500DD0E6B /* Frameworks */,
			);
			sourceTree = "<group>";
		};
		2AD15564262D2B9E00DD0E6B /* Products */ = {
			isa = PBXGroup;
			children = (
				2AD15563262D2B9E00DD0E6B /* Demo.app */,
			);
			name = Products;
			sourceTree = "<group>";
		};
		2AD15565262D2B9E00DD0E6B /* Demo */ = {
			isa = PBXGroup;
			children = (
				2A80E5342647E16C004F9360 /* SimpleSDK.bundle */,
				2AD15566262D2B9E00DD0E6B /* AppDelegate.h */,
				2AD15567262D2B9E00DD0E6B /* AppDelegate.m */,
				2AD1556C262D2B9E00DD0E6B /* ViewController.h */,
				2AD1556D262D2B9E00DD0E6B /* ViewController.m */,
				2AD1556F262D2B9E00DD0E6B /* Main.storyboard */,
				2AD15572262D2BA100DD0E6B /* Assets.xcassets */,
				2AD15574262D2BA100DD0E6B /* LaunchScreen.storyboard */,
				2AD15577262D2BA100DD0E6B /* Info.plist */,
				2AD15578262D2BA100DD0E6B /* main.m */,
			);
			path = Demo;
			sourceTree = "<group>";
		};
		2AD15586262D2DB500DD0E6B /* Frameworks */ = {
			isa = PBXGroup;
			children = (
				178BCD23275EFEBA00EDC2BE /* SimpleSDK.framework */,
			);
			name = Frameworks;
			sourceTree = "<group>";
		};
/* End PBXGroup section */

/* Begin PBXNativeTarget section */
		2AD15562262D2B9E00DD0E6B /* Demo */ = {
			isa = PBXNativeTarget;
			buildConfigurationList = 2AD1557C262D2BA100DD0E6B /* Build configuration list for PBXNativeTarget "Demo" */;
			buildPhases = (
				2AD1555F262D2B9E00DD0E6B /* Sources */,
				2AD15560262D2B9E00DD0E6B /* Frameworks */,
				2AD15561262D2B9E00DD0E6B /* Resources */,
				8DCF20BE287671880008C0A0 /* Embed Frameworks */,
			);
			buildRules = (
			);
			dependencies = (
			);
			name = Demo;
			productName = Demo;
			productReference = 2AD15563262D2B9E00DD0E6B /* Demo.app */;
			productType = "com.apple.product-type.application";
		};
/* End PBXNativeTarget section */

/* Begin PBXProject section */
		2AD1555B262D2B9E00DD0E6B /* Project object */ = {
			isa = PBXProject;
			attributes = {
				LastUpgradeCheck = 1240;
				TargetAttributes = {
					2AD15562262D2B9E00DD0E6B = {
						CreatedOnToolsVersion = 12.4;
					};
				};
			};
			buildConfigurationList = 2AD1555E262D2B9E00DD0E6B /* Build configuration list for PBXProject "Demo" */;
			compatibilityVersion = "Xcode 9.3";
			developmentRegion = en;
			hasScannedForEncodings = 0;
			knownRegions = (
				en,
				Base,
			);
			mainGroup = 2AD1555A262D2B9E00DD0E6B;
			productRefGroup = 2AD15564262D2B9E00DD0E6B /* Products */;
			projectDirPath = "";
			projectRoot = "";
			targets = (
				2AD15562262D2B9E00DD0E6B /* Demo */,
			);
		};
/* End PBXProject section */

/* Begin PBXResourcesBuildPhase section */
		2AD15561262D2B9E00DD0E6B /* Resources */ = {
			isa = PBXResourcesBuildPhase;
			buildActionMask = 2147483647;
			files = (
				2AD15576262D2BA100DD0E6B /* LaunchScreen.storyboard in Resources */,
				2AD15573262D2BA100DD0E6B /* Assets.xcassets in Resources */,
				2AD15571262D2B9E00DD0E6B /* Main.storyboard in Resources */,
				2A80E5352647E16C004F9360 /* SimpleSDK.bundle in Resources */,
			);
			runOnlyForDeploymentPostprocessing = 0;
		};
/* End PBXResourcesBuildPhase section */

/* Begin PBXSourcesBuildPhase section */
		2AD1555F262D2B9E00DD0E6B /* Sources */ = {
			isa = PBXSourcesBuildPhase;
			buildActionMask = 2147483647;
			files = (
				2AD1556E262D2B9E00DD0E6B /* ViewController.m in Sources */,
				2AD15568262D2B9E00DD0E6B /* AppDelegate.m in Sources */,
				2AD15579262D2BA100DD0E6B /* main.m in Sources */,
			);
			runOnlyForDeploymentPostprocessing = 0;
		};
/* End PBXSourcesBuildPhase section */

/* Begin PBXVariantGroup section */
		2AD1556F262D2B9E00DD0E6B /* Main.storyboard */ = {
			isa = PBXVariantGroup;
			children = (
				2AD15570262D2B9E00DD0E6B /* Base */,
			);
			name = Main.storyboard;
			sourceTree = "<group>";
		};
		2AD15574262D2BA100DD0E6B /* LaunchScreen.storyboard */ = {
			isa = PBXVariantGroup;
			children = (
				2AD15575262D2BA100DD0E6B /* Base */,
			);
			name = LaunchScreen.storyboard;
			sourceTree = "<group>";
		};
/* End PBXVariantGroup section */

/* Begin XCBuildConfiguration section */
		2AD1557A262D2BA100DD0E6B /* Debug */ = {
			isa = XCBuildConfiguration;
			buildSettings = {
				ALWAYS_SEARCH_USER_PATHS = NO;
				CLANG_ANALYZER_NONNULL = YES;
				CLANG_ANALYZER_NUMBER_OBJECT_CONVERSION = YES_AGGRESSIVE;
				CLANG_CXX_LANGUAGE_STANDARD = "gnu++14";
				CLANG_CXX_LIBRARY = "libc++";
				CLANG_ENABLE_MODULES = YES;
				CLANG_ENABLE_OBJC_ARC = YES;
				CLANG_ENABLE_OBJC_WEAK = YES;
				CLANG_WARN_BLOCK_CAPTURE_AUTORELEASING = YES;
				CLANG_WARN_BOOL_CONVERSION = YES;
				CLANG_WARN_COMMA = YES;
				CLANG_WARN_CONSTANT_CONVERSION = YES;
				CLANG_WARN_DEPRECATED_OBJC_IMPLEMENTATIONS = YES;
				CLANG_WARN_DIRECT_OBJC_ISA_USAGE = YES_ERROR;
				CLANG_WARN_DOCUMENTATION_COMMENTS = YES;
				CLANG_WARN_EMPTY_BODY = YES;
				CLANG_WARN_ENUM_CONVERSION = YES;
				CLANG_WARN_INFINITE_RECURSION = YES;
				CLANG_WARN_INT_CONVERSION = YES;
				CLANG_WARN_NON_LITERAL_NULL_CONVERSION = YES;
				CLANG_WARN_OBJC_IMPLICIT_RETAIN_SELF = YES;
				CLANG_WARN_OBJC_LITERAL_CONVERSION = YES;
				CLANG_WARN_OBJC_ROOT_CLASS = YES_ERROR;
				CLANG_WARN_QUOTED_INCLUDE_IN_FRAMEWORK_HEADER = YES;
				CLANG_WARN_RANGE_LOOP_ANALYSIS = YES;
				CLANG_WARN_STRICT_PROTOTYPES = YES;
				CLANG_WARN_SUSPICIOUS_MOVE = YES;
				CLANG_WARN_UNGUARDED_AVAILABILITY = YES_AGGRESSIVE;
				CLANG_WARN_UNREACHABLE_CODE = YES;
				CLANG_WARN__DUPLICATE_METHOD_MATCH = YES;
				COPY_PHASE_STRIP = NO;
				DEBUG_INFORMATION_FORMAT = dwarf;
				ENABLE_STRICT_OBJC_MSGSEND = YES;
				ENABLE_TESTABILITY = YES;
				GCC_C_LANGUAGE_STANDARD = gnu11;
				GCC_DYNAMIC_NO_PIC = NO;
				GCC_NO_COMMON_BLOCKS = YES;
				GCC_OPTIMIZATION_LEVEL = 0;
				GCC_PREPROCESSOR_DEFINITIONS = (
					"DEBUG=1",
					"$(inherited)",
				);
				GCC_WARN_64_TO_32_BIT_CONVERSION = YES;
				GCC_WARN_ABOUT_RETURN_TYPE = YES_ERROR;
				GCC_WARN_UNDECLARED_SELECTOR = YES;
				GCC_WARN_UNINITIALIZED_AUTOS = YES_AGGRESSIVE;
				GCC_WARN_UNUSED_FUNCTION = YES;
				GCC_WARN_UNUSED_VARIABLE = YES;
				IPHONEOS_DEPLOYMENT_TARGET = 14.4;
				MTL_ENABLE_DEBUG_INFO = INCLUDE_SOURCE;
				MTL_FAST_MATH = YES;
				ONLY_ACTIVE_ARCH = YES;
				SDKROOT = iphoneos;
			};
			name = Debug;
		};
		2AD1557B262D2BA100DD0E6B /* Release */ = {
			isa = XCBuildConfiguration;
			buildSettings = {
				ALWAYS_SEARCH_USER_PATHS = NO;
				CLANG_ANALYZER_NONNULL = YES;
				CLANG_ANALYZER_NUMBER_OBJECT_CONVERSION = YES_AGGRESSIVE;
				CLANG_CXX_LANGUAGE_STANDARD = "gnu++14";
				CLANG_CXX_LIBRARY = "libc++";
				CLANG_ENABLE_MODULES = YES;
				CLANG_ENABLE_OBJC_ARC = YES;
				CLANG_ENABLE_OBJC_WEAK = YES;
				CLANG_WARN_BLOCK_CAPTURE_AUTORELEASING = YES;
				CLANG_WARN_BOOL_CONVERSION = YES;
				CLANG_WARN_COMMA = YES;
				CLANG_WARN_CONSTANT_CONVERSION = YES;
				CLANG_WARN_DEPRECATED_OBJC_IMPLEMENTATIONS = YES;
				CLANG_WARN_DIRECT_OBJC_ISA_USAGE = YES_ERROR;
				CLANG_WARN_DOCUMENTATION_COMMENTS = YES;
				CLANG_WARN_EMPTY_BODY = YES;
				CLANG_WARN_ENUM_CONVERSION = YES;
				CLANG_WARN_INFINITE_RECURSION = YES;
				CLANG_WARN_INT_CONVERSION = YES;
				CLANG_WARN_NON_LITERAL_NULL_CONVERSION = YES;
				CLANG_WARN_OBJC_IMPLICIT_RETAIN_SELF = YES;
				CLANG_WARN_OBJC_LITERAL_CONVERSION = YES;
				CLANG_WARN_OBJC_ROOT_CLASS = YES_ERROR;
				CLANG_WARN_QUOTED_INCLUDE_IN_FRAMEWORK_HEADER = YES;
				CLANG_WARN_RANGE_LOOP_ANALYSIS = YES;
				CLANG_WARN_STRICT_PROTOTYPES = YES;
				CLANG_WARN_SUSPICIOUS_MOVE = YES;
				CLANG_WARN_UNGUARDED_AVAILABILITY = YES_AGGRESSIVE;
				CLANG_WARN_UNREACHABLE_CODE = YES;
				CLANG_WARN__DUPLICATE_METHOD_MATCH = YES;
				COPY_PHASE_STRIP = NO;
				DEBUG_INFORMATION_FORMAT = "dwarf-with-dsym";
				ENABLE_NS_ASSERTIONS = NO;
				ENABLE_STRICT_OBJC_MSGSEND = YES;
				GCC_C_LANGUAGE_STANDARD = gnu11;
				GCC_NO_COMMON_BLOCKS = YES;
				GCC_WARN_64_TO_32_BIT_CONVERSION = YES;
				GCC_WARN_ABOUT_RETURN_TYPE = YES_ERROR;
				GCC_WARN_UNDECLARED_SELECTOR = YES;
				GCC_WARN_UNINITIALIZED_AUTOS = YES_AGGRESSIVE;
				GCC_WARN_UNUSED_FUNCTION = YES;
				GCC_WARN_UNUSED_VARIABLE = YES;
				IPHONEOS_DEPLOYMENT_TARGET = 14.4;
				MTL_ENABLE_DEBUG_INFO = NO;
				MTL_FAST_MATH = YES;
				SDKROOT = iphoneos;
				VALIDATE_PRODUCT = YES;
			};
			name = Release;
		};
		2AD1557D262D2BA100DD0E6B /* Debug */ = {
			isa = XCBuildConfiguration;
			buildSettings = {
				ASSETCATALOG_COMPILER_APPICON_NAME = AppIcon;
				ASSETCATALOG_COMPILER_GLOBAL_ACCENT_COLOR_NAME = AccentColor;
				CODE_SIGN_IDENTITY = "Apple Development";
				CODE_SIGN_STYLE = Automatic;
				DEVELOPMENT_TEAM = D2S943BN85;
				ENABLE_BITCODE = NO;
				INFOPLIST_FILE = Demo/Info.plist;
				IPHONEOS_DEPLOYMENT_TARGET = 9.0;
				LD_RUNPATH_SEARCH_PATHS = (
					"$(inherited)",
					"@executable_path/Frameworks",
				);
				MACH_O_TYPE = "";
				MARKETING_VERSION = 1..0.0;
				PRODUCT_BUNDLE_IDENTIFIER = com.xyjhlio.op;
				PRODUCT_NAME = "$(TARGET_NAME)";
				PROVISIONING_PROFILE_SPECIFIER = "";
				TARGETED_DEVICE_FAMILY = "1,2";
			};
			name = Debug;
		};
		2AD1557E262D2BA100DD0E6B /* Release */ = {
			isa = XCBuildConfiguration;
			buildSettings = {
				ASSETCATALOG_COMPILER_APPICON_NAME = AppIcon;
				ASSETCATALOG_COMPILER_GLOBAL_ACCENT_COLOR_NAME = AccentColor;
				CODE_SIGN_STYLE = Automatic;
				DEVELOPMENT_TEAM = D2S943BN85;
				ENABLE_BITCODE = NO;
				INFOPLIST_FILE = Demo/Info.plist;
				IPHONEOS_DEPLOYMENT_TARGET = 9.0;
				LD_RUNPATH_SEARCH_PATHS = (
					"$(inherited)",
					"@executable_path/Frameworks",
				);
				MACH_O_TYPE = "";
				MARKETING_VERSION = 1..0.0;
				PRODUCT_BUNDLE_IDENTIFIER = com.chuangkehuyuceshi.ck;
				PRODUCT_NAME = "$(TARGET_NAME)";
				TARGETED_DEVICE_FAMILY = "1,2";
			};
			name = Release;
		};
/* End XCBuildConfiguration section */

/* Begin XCConfigurationList section */
		2AD1555E262D2B9E00DD0E6B /* Build configuration list for PBXProject "Demo" */ = {
			isa = XCConfigurationList;
			buildConfigurations = (
				2AD1557A262D2BA100DD0E6B /* Debug */,
				2AD1557B262D2BA100DD0E6B /* Release */,
			);
			defaultConfigurationIsVisible = 0;
			defaultConfigurationName = Release;
		};
		2AD1557C262D2BA100DD0E6B /* Build configuration list for PBXNativeTarget "Demo" */ = {
			isa = XCConfigurationList;
			buildConfigurations = (
				2AD1557D262D2BA100DD0E6B /* Debug */,
				2AD1557E262D2BA100DD0E6B /* Release */,
			);
			defaultConfigurationIsVisible = 0;
			defaultConfigurationName = Release;
		};
/* End XCConfigurationList section */
	};
	rootObject = 2AD1555B262D2B9E00DD0E6B /* Project object */;
}
